
Microsoft Visual Studio Solution File, Format Version 11.00
# Visual Studio 2010
Project("{FAE04EC0-301F-11D3-BF4B-00C04F79EFBC}") = "Poker_Unity3d", "Assembly-CSharp.csproj", "{B63B6B83-78F7-CE33-670F-9324E118C1E2}"
EndProject
Global
	GlobalSection(SolutionConfigurationPlatforms) = preSolution
		Debug|Any CPU = Debug|Any CPU
		Release|Any CPU = Release|Any CPU
	EndGlobalSection
	GlobalSection(ProjectConfigurationPlatforms) = postSolution
		{B63B6B83-78F7-CE33-670F-9324E118C1E2}.Debug|Any CPU.ActiveCfg = Debug|Any CPU
		{B63B6B83-78F7-CE33-670F-9324E118C1E2}.Debug|Any CPU.Build.0 = Debug|Any CPU
		{B63B6B83-78F7-CE33-670F-9324E118C1E2}.Release|Any CPU.ActiveCfg = Release|Any CPU
		{B63B6B83-78F7-CE33-670F-9324E118C1E2}.Release|Any CPU.Build.0 = Release|Any CPU
	EndGlobalSection
	GlobalSection(SolutionProperties) = preSolution
		HideSolutionNode = FALSE
	EndGlobalSection
	GlobalSection(MonoDevelopProperties) = preSolution
		StartupItem = Assembly-CSharp.csproj
	EndGlobalSection
EndGlobal
